
Microsoft Visual Studio Solution File, Format Version 12.00
# Visual Studio Version 17
VisualStudioVersion = 17.2.32630.192
MinimumVisualStudioVersion = 10.0.40219.1
Project("{FAE04EC0-301F-11D3-BF4B-00C04F79EFBC}") = "order-processor", "order-processor\order-processor.csproj", "{D0D4CAA3-FF70-4BA2-A827-56575DB1B162}"
EndProject
Global
	GlobalSection(SolutionConfigurationPlatforms) = preSolution
		Debug|Any CPU = Debug|Any CPU
		Release|Any CPU = Release|Any CPU
	EndGlobalSection
	GlobalSection(ProjectConfigurationPlatforms) = postSolution
		{D0D4CAA3-FF70-4BA2-A827-56575DB1B162}.Debug|Any CPU.ActiveCfg = Debug|Any CPU
		{D0D4CAA3-FF70-4BA2-A827-56575DB1B162}.Debug|Any CPU.Build.0 = Debug|Any CPU
		{D0D4CAA3-FF70-4BA2-A827-56575DB1B162}.Release|Any CPU.ActiveCfg = Release|Any CPU
		{D0D4CAA3-FF70-4BA2-A827-56575DB1B162}.Release|Any CPU.Build.0 = Release|Any CPU
	EndGlobalSection
	GlobalSection(SolutionProperties) = preSolution
		HideSolutionNode = FALSE
	EndGlobalSection
	GlobalSection(ExtensibilityGlobals) = postSolution
		SolutionGuid = {D43EADDB-28F4-49AA-B4D1-05E3845858E1}
	EndGlobalSection
EndGlobal
